// !$*UTF8*$!
{
	archiveVersion = 1;
	classes = {
	};
	objectVersion = 50;
	objects = {

/* Begin PBXBuildFile section */
		FA0AA30321FE17BA00A7976D /* StudentInformation.swift in Sources */ = {isa = PBXBuildFile; fileRef = FA0AA30221FE17BA00A7976D /* StudentInformation.swift */; };
		FA0AA30621FE310F00A7976D /* UserService.swift in Sources */ = {isa = PBXBuildFile; fileRef = FA0AA30521FE310F00A7976D /* UserService.swift */; };
		FA0AA30A21FE390700A7976D /* PinsService.swift in Sources */ = {isa = PBXBuildFile; fileRef = FA0AA30921FE390700A7976D /* PinsService.swift */; };
		FA0AA30C21FE4CBC00A7976D /* Assets.xcassets in Resources */ = {isa = PBXBuildFile; fileRef = FA0AA30B21FE4CBC00A7976D /* Assets.xcassets */; };
		FABC0AA521E2C40A00F786A3 /* MainTabViewController.swift in Sources */ = {isa = PBXBuildFile; fileRef = FABC0AA421E2C40A00F786A3 /* MainTabViewController.swift */; };
		FABC0AAC21E2EC5400F786A3 /* StudentDataTableViewCell.swift in Sources */ = {isa = PBXBuildFile; fileRef = FABC0AAB21E2EC5400F786A3 /* StudentDataTableViewCell.swift */; };
		FAD6D0E121E2940B00D61B31 /* AppDelegate.swift in Sources */ = {isa = PBXBuildFile; fileRef = FAD6D0E021E2940B00D61B31 /* AppDelegate.swift */; };
		FAD6D0E321E2940B00D61B31 /* LoginViewController.swift in Sources */ = {isa = PBXBuildFile; fileRef = FAD6D0E221E2940B00D61B31 /* LoginViewController.swift */; };
		FAD6D0E621E2940C00D61B31 /* Main.storyboard in Resources */ = {isa = PBXBuildFile; fileRef = FAD6D0E421E2940C00D61B31 /* Main.storyboard */; };
		FAD6D0EB21E2941100D61B31 /* LaunchScreen.storyboard in Resources */ = {isa = PBXBuildFile; fileRef = FAD6D0E921E2941100D61B31 /* LaunchScreen.storyboard */; };
		FAD6D0F421E29DD400D61B31 /* MapViewController.swift in Sources */ = {isa = PBXBuildFile; fileRef = FAD6D0F321E29DD400D61B31 /* MapViewController.swift */; };
		FAD6D0F621E29DE000D61B31 /* TableViewController.swift in Sources */ = {isa = PBXBuildFile; fileRef = FAD6D0F521E29DE000D61B31 /* TableViewController.swift */; };
		FAD6D0F821E29DFC00D61B31 /* AddPinViewController.swift in Sources */ = {isa = PBXBuildFile; fileRef = FAD6D0F721E29DFC00D61B31 /* AddPinViewController.swift */; };
		FAD6D0FA21E29E0400D61B31 /* ConfirmPinViewController.swift in Sources */ = {isa = PBXBuildFile; fileRef = FAD6D0F921E29E0400D61B31 /* ConfirmPinViewController.swift */; };
		FAD6D0FD21E2A8B900D61B31 /* Constants.swift in Sources */ = {isa = PBXBuildFile; fileRef = FAD6D0FC21E2A8B900D61B31 /* Constants.swift */; };
/* End PBXBuildFile section */

/* Begin PBXFileReference section */
		FA0AA30221FE17BA00A7976D /* StudentInformation.swift */ = {isa = PBXFileReference; lastKnownFileType = sourcecode.swift; name = StudentInformation.swift; path = "On The Map/Model/StudentInformation.swift"; sourceTree = SOURCE_ROOT; };
		FA0AA30521FE310F00A7976D /* UserService.swift */ = {isa = PBXFileReference; lastKnownFileType = sourcecode.swift; path = UserService.swift; sourceTree = "<group>"; };
		FA0AA30921FE390700A7976D /* PinsService.swift */ = {isa = PBXFileReference; lastKnownFileType = sourcecode.swift; path = PinsService.swift; sourceTree = "<group>"; };
		FA0AA30B21FE4CBC00A7976D /* Assets.xcassets */ = {isa = PBXFileReference; lastKnownFileType = folder.assetcatalog; path = Assets.xcassets; sourceTree = "<group>"; };
		FABC0AA421E2C40A00F786A3 /* MainTabViewController.swift */ = {isa = PBXFileReference; lastKnownFileType = sourcecode.swift; path = MainTabViewController.swift; sourceTree = "<group>"; };
		FABC0AAB21E2EC5400F786A3 /* StudentDataTableViewCell.swift */ = {isa = PBXFileReference; fileEncoding = 4; lastKnownFileType = sourcecode.swift; name = StudentDataTableViewCell.swift; path = "On The Map/Model/StudentDataTableViewCell.swift"; sourceTree = SOURCE_ROOT; };
		FAD6D0DD21E2940B00D61B31 /* On The Map.app */ = {isa = PBXFileReference; explicitFileType = wrapper.application; includeInIndex = 0; path = "On The Map.app"; sourceTree = BUILT_PRODUCTS_DIR; };
		FAD6D0E021E2940B00D61B31 /* AppDelegate.swift */ = {isa = PBXFileReference; lastKnownFileType = sourcecode.swift; path = AppDelegate.swift; sourceTree = "<group>"; };
		FAD6D0E221E2940B00D61B31 /* LoginViewController.swift */ = {isa = PBXFileReference; lastKnownFileType = sourcecode.swift; path = LoginViewController.swift; sourceTree = "<group>"; };
		FAD6D0E521E2940C00D61B31 /* Base */ = {isa = PBXFileReference; lastKnownFileType = file.storyboard; name = Base; path = Base.lproj/Main.storyboard; sourceTree = "<group>"; };
		FAD6D0EA21E2941100D61B31 /* Base */ = {isa = PBXFileReference; lastKnownFileType = file.storyboard; name = Base; path = Base.lproj/LaunchScreen.storyboard; sourceTree = "<group>"; };
		FAD6D0EC21E2941100D61B31 /* Info.plist */ = {isa = PBXFileReference; lastKnownFileType = text.plist.xml; path = Info.plist; sourceTree = "<group>"; };
		FAD6D0F321E29DD400D61B31 /* MapViewController.swift */ = {isa = PBXFileReference; lastKnownFileType = sourcecode.swift; path = MapViewController.swift; sourceTree = "<group>"; };
		FAD6D0F521E29DE000D61B31 /* TableViewController.swift */ = {isa = PBXFileReference; lastKnownFileType = sourcecode.swift; path = TableViewController.swift; sourceTree = "<group>"; };
		FAD6D0F721E29DFC00D61B31 /* AddPinViewController.swift */ = {isa = PBXFileReference; lastKnownFileType = sourcecode.swift; path = AddPinViewController.swift; sourceTree = "<group>"; };
		FAD6D0F921E29E0400D61B31 /* ConfirmPinViewController.swift */ = {isa = PBXFileReference; lastKnownFileType = sourcecode.swift; path = ConfirmPinViewController.swift; sourceTree = "<group>"; };
		FAD6D0FC21E2A8B900D61B31 /* Constants.swift */ = {isa = PBXFileReference; lastKnownFileType = sourcecode.swift; path = Constants.swift; sourceTree = "<group>"; };
/* End PBXFileReference section */

/* Begin PBXFrameworksBuildPhase section */
		FAD6D0DA21E2940B00D61B31 /* Frameworks */ = {
			isa = PBXFrameworksBuildPhase;
			buildActionMask = 2147483647;
			files = (
			);
			runOnlyForDeploymentPostprocessing = 0;
		};
/* End PBXFrameworksBuildPhase section */

/* Begin PBXGroup section */
		FA0AA30421FE30FA00A7976D /* Service */ = {
			isa = PBXGroup;
			children = (
				FA0AA30521FE310F00A7976D /* UserService.swift */,
				FA0AA30921FE390700A7976D /* PinsService.swift */,
			);
			path = Service;
			sourceTree = "<group>";
		};
		FABC0AAA21E2EC1600F786A3 /* Model */ = {
			isa = PBXGroup;
			children = (
				FABC0AAB21E2EC5400F786A3 /* StudentDataTableViewCell.swift */,
				FA0AA30221FE17BA00A7976D /* StudentInformation.swift */,
			);
			name = Model;
			path = "New Group";
			sourceTree = "<group>";
		};
		FAD6D0D421E2940B00D61B31 = {
			isa = PBXGroup;
			children = (
				FAD6D0DF21E2940B00D61B31 /* On The Map */,
				FAD6D0DE21E2940B00D61B31 /* Products */,
			);
			sourceTree = "<group>";
		};
		FAD6D0DE21E2940B00D61B31 /* Products */ = {
			isa = PBXGroup;
			children = (
				FAD6D0DD21E2940B00D61B31 /* On The Map.app */,
			);
			name = Products;
			sourceTree = "<group>";
		};
		FAD6D0DF21E2940B00D61B31 /* On The Map */ = {
			isa = PBXGroup;
			children = (
				FAD6D0E021E2940B00D61B31 /* AppDelegate.swift */,
				FAD6D0FB21E29E0B00D61B31 /* View Controller */,
				FAD6D0F221E29DAD00D61B31 /* Assets */,
				FABC0AAA21E2EC1600F786A3 /* Model */,
				FA0AA30421FE30FA00A7976D /* Service */,
				FAD6D0EC21E2941100D61B31 /* Info.plist */,
				FAD6D0FC21E2A8B900D61B31 /* Constants.swift */,
			);
			path = "On The Map";
			sourceTree = "<group>";
		};
		FAD6D0F221E29DAD00D61B31 /* Assets */ = {
			isa = PBXGroup;
			children = (
				FAD6D0E421E2940C00D61B31 /* Main.storyboard */,
				FAD6D0E921E2941100D61B31 /* LaunchScreen.storyboard */,
				FA0AA30B21FE4CBC00A7976D /* Assets.xcassets */,
			);
			path = Assets;
			sourceTree = "<group>";
		};
		FAD6D0FB21E29E0B00D61B31 /* View Controller */ = {
			isa = PBXGroup;
			children = (
				FAD6D0E221E2940B00D61B31 /* LoginViewController.swift */,
				FAD6D0F321E29DD400D61B31 /* MapViewController.swift */,
				FAD6D0F521E29DE000D61B31 /* TableViewController.swift */,
				FAD6D0F721E29DFC00D61B31 /* AddPinViewController.swift */,
				FAD6D0F921E29E0400D61B31 /* ConfirmPinViewController.swift */,
				FABC0AA421E2C40A00F786A3 /* MainTabViewController.swift */,
			);
			path = "View Controller";
			sourceTree = "<group>";
		};
/* End PBXGroup section */

/* Begin PBXNativeTarget section */
		FAD6D0DC21E2940B00D61B31 /* On The Map */ = {
			isa = PBXNativeTarget;
			buildConfigurationList = FAD6D0EF21E2941100D61B31 /* Build configuration list for PBXNativeTarget "On The Map" */;
			buildPhases = (
				FAD6D0D921E2940B00D61B31 /* Sources */,
				FAD6D0DA21E2940B00D61B31 /* Frameworks */,
				FAD6D0DB21E2940B00D61B31 /* Resources */,
			);
			buildRules = (
			);
			dependencies = (
			);
			name = "On The Map";
			productName = "On The Map";
			productReference = FAD6D0DD21E2940B00D61B31 /* On The Map.app */;
			productType = "com.apple.product-type.application";
		};
/* End PBXNativeTarget section */

/* Begin PBXProject section */
		FAD6D0D521E2940B00D61B31 /* Project object */ = {
			isa = PBXProject;
			attributes = {
				LastSwiftUpdateCheck = 1010;
				LastUpgradeCheck = 1010;
				ORGANIZATIONNAME = "João Leite";
				TargetAttributes = {
					FAD6D0DC21E2940B00D61B31 = {
						CreatedOnToolsVersion = 10.1;
					};
				};
			};
			buildConfigurationList = FAD6D0D821E2940B00D61B31 /* Build configuration list for PBXProject "On The Map" */;
			compatibilityVersion = "Xcode 9.3";
			developmentRegion = en;
			hasScannedForEncodings = 0;
			knownRegions = (
				en,
				Base,
			);
			mainGroup = FAD6D0D421E2940B00D61B31;
			productRefGroup = FAD6D0DE21E2940B00D61B31 /* Products */;
			projectDirPath = "";
			projectRoot = "";
			targets = (
				FAD6D0DC21E2940B00D61B31 /* On The Map */,
			);
		};
/* End PBXProject section */

/* Begin PBXResourcesBuildPhase section */
		FAD6D0DB21E2940B00D61B31 /* Resources */ = {
			isa = PBXResourcesBuildPhase;
			buildActionMask = 2147483647;
			files = (
				FAD6D0EB21E2941100D61B31 /* LaunchScreen.storyboard in Resources */,
				FA0AA30C21FE4CBC00A7976D /* Assets.xcassets in Resources */,
				FAD6D0E621E2940C00D61B31 /* Main.storyboard in Resources */,
			);
			runOnlyForDeploymentPostprocessing = 0;
		};
/* End PBXResourcesBuildPhase section */

/* Begin PBXSourcesBuildPhase section */
		FAD6D0D921E2940B00D61B31 /* Sources */ = {
			isa = PBXSourcesBuildPhase;
			buildActionMask = 2147483647;
			files = (
				FAD6D0E321E2940B00D61B31 /* LoginViewController.swift in Sources */,
				FABC0AAC21E2EC5400F786A3 /* StudentDataTableViewCell.swift in Sources */,
				FABC0AA521E2C40A00F786A3 /* MainTabViewController.swift in Sources */,
				FAD6D0F821E29DFC00D61B31 /* AddPinViewController.swift in Sources */,
				FAD6D0F421E29DD400D61B31 /* MapViewController.swift in Sources */,
				FAD6D0E121E2940B00D61B31 /* AppDelegate.swift in Sources */,
				FA0AA30621FE310F00A7976D /* UserService.swift in Sources */,
				FA0AA30A21FE390700A7976D /* PinsService.swift in Sources */,
				FAD6D0FD21E2A8B900D61B31 /* Constants.swift in Sources */,
				FAD6D0F621E29DE000D61B31 /* TableViewController.swift in Sources */,
				FA0AA30321FE17BA00A7976D /* StudentInformation.swift in Sources */,
				FAD6D0FA21E29E0400D61B31 /* ConfirmPinViewController.swift in Sources */,
			);
			runOnlyForDeploymentPostprocessing = 0;
		};
/* End PBXSourcesBuildPhase section */

/* Begin PBXVariantGroup section */
		FAD6D0E421E2940C00D61B31 /* Main.storyboard */ = {
			isa = PBXVariantGroup;
			children = (
				FAD6D0E521E2940C00D61B31 /* Base */,
			);
			name = Main.storyboard;
			sourceTree = "<group>";
		};
		FAD6D0E921E2941100D61B31 /* LaunchScreen.storyboard */ = {
			isa = PBXVariantGroup;
			children = (
				FAD6D0EA21E2941100D61B31 /* Base */,
			);
			name = LaunchScreen.storyboard;
			sourceTree = "<group>";
		};
/* End PBXVariantGroup section */

/* Begin XCBuildConfiguration section */
		FAD6D0ED21E2941100D61B31 /* Debug */ = {
			isa = XCBuildConfiguration;
			buildSettings = {
				ALWAYS_SEARCH_USER_PATHS = NO;
				CLANG_ANALYZER_NONNULL = YES;
				CLANG_ANALYZER_NUMBER_OBJECT_CONVERSION = YES_AGGRESSIVE;
				CLANG_CXX_LANGUAGE_STANDARD = "gnu++14";
				CLANG_CXX_LIBRARY = "libc++";
				CLANG_ENABLE_MODULES = YES;
				CLANG_ENABLE_OBJC_ARC = YES;
				CLANG_ENABLE_OBJC_WEAK = YES;
				CLANG_WARN_BLOCK_CAPTURE_AUTORELEASING = YES;
				CLANG_WARN_BOOL_CONVERSION = YES;
				CLANG_WARN_COMMA = YES;
				CLANG_WARN_CONSTANT_CONVERSION = YES;
				CLANG_WARN_DEPRECATED_OBJC_IMPLEMENTATIONS = YES;
				CLANG_WARN_DIRECT_OBJC_ISA_USAGE = YES_ERROR;
				CLANG_WARN_DOCUMENTATION_COMMENTS = YES;
				CLANG_WARN_EMPTY_BODY = YES;
				CLANG_WARN_ENUM_CONVERSION = YES;
				CLANG_WARN_INFINITE_RECURSION = YES;
				CLANG_WARN_INT_CONVERSION = YES;
				CLANG_WARN_NON_LITERAL_NULL_CONVERSION = YES;
				CLANG_WARN_OBJC_IMPLICIT_RETAIN_SELF = YES;
				CLANG_WARN_OBJC_LITERAL_CONVERSION = YES;
				CLANG_WARN_OBJC_ROOT_CLASS = YES_ERROR;
				CLANG_WARN_RANGE_LOOP_ANALYSIS = YES;
				CLANG_WARN_STRICT_PROTOTYPES = YES;
				CLANG_WARN_SUSPICIOUS_MOVE = YES;
				CLANG_WARN_UNGUARDED_AVAILABILITY = YES_AGGRESSIVE;
				CLANG_WARN_UNREACHABLE_CODE = YES;
				CLANG_WARN__DUPLICATE_METHOD_MATCH = YES;
				CODE_SIGN_IDENTITY = "iPhone Developer";
				COPY_PHASE_STRIP = NO;
				DEBUG_INFORMATION_FORMAT = dwarf;
				ENABLE_STRICT_OBJC_MSGSEND = YES;
				ENABLE_TESTABILITY = YES;
				GCC_C_LANGUAGE_STANDARD = gnu11;
				GCC_DYNAMIC_NO_PIC = NO;
				GCC_NO_COMMON_BLOCKS = YES;
				GCC_OPTIMIZATION_LEVEL = 0;
				GCC_PREPROCESSOR_DEFINITIONS = (
					"DEBUG=1",
					"$(inherited)",
				);
				GCC_WARN_64_TO_32_BIT_CONVERSION = YES;
				GCC_WARN_ABOUT_RETURN_TYPE = YES_ERROR;
				GCC_WARN_UNDECLARED_SELECTOR = YES;
				GCC_WARN_UNINITIALIZED_AUTOS = YES_AGGRESSIVE;
				GCC_WARN_UNUSED_FUNCTION = YES;
				GCC_WARN_UNUSED_VARIABLE = YES;
				IPHONEOS_DEPLOYMENT_TARGET = 12.1;
				MTL_ENABLE_DEBUG_INFO = INCLUDE_SOURCE;
				MTL_FAST_MATH = YES;
				ONLY_ACTIVE_ARCH = YES;
				SDKROOT = iphoneos;
				SWIFT_ACTIVE_COMPILATION_CONDITIONS = DEBUG;
				SWIFT_OPTIMIZATION_LEVEL = "-Onone";
			};
			name = Debug;
		};
		FAD6D0EE21E2941100D61B31 /* Release */ = {
			isa = XCBuildConfiguration;
			buildSettings = {
				ALWAYS_SEARCH_USER_PATHS = NO;
				CLANG_ANALYZER_NONNULL = YES;
				CLANG_ANALYZER_NUMBER_OBJECT_CONVERSION = YES_AGGRESSIVE;
				CLANG_CXX_LANGUAGE_STANDARD = "gnu++14";
				CLANG_CXX_LIBRARY = "libc++";
				CLANG_ENABLE_MODULES = YES;
				CLANG_ENABLE_OBJC_ARC = YES;
				CLANG_ENABLE_OBJC_WEAK = YES;
				CLANG_WARN_BLOCK_CAPTURE_AUTORELEASING = YES;
				CLANG_WARN_BOOL_CONVERSION = YES;
				CLANG_WARN_COMMA = YES;
				CLANG_WARN_CONSTANT_CONVERSION = YES;
				CLANG_WARN_DEPRECATED_OBJC_IMPLEMENTATIONS = YES;
				CLANG_WARN_DIRECT_OBJC_ISA_USAGE = YES_ERROR;
				CLANG_WARN_DOCUMENTATION_COMMENTS = YES;
				CLANG_WARN_EMPTY_BODY = YES;
				CLANG_WARN_ENUM_CONVERSION = YES;
				CLANG_WARN_INFINITE_RECURSION = YES;
				CLANG_WARN_INT_CONVERSION = YES;
				CLANG_WARN_NON_LITERAL_NULL_CONVERSION = YES;
				CLANG_WARN_OBJC_IMPLICIT_RETAIN_SELF = YES;
				CLANG_WARN_OBJC_LITERAL_CONVERSION = YES;
				CLANG_WARN_OBJC_ROOT_CLASS = YES_ERROR;
				CLANG_WARN_RANGE_LOOP_ANALYSIS = YES;
				CLANG_WARN_STRICT_PROTOTYPES = YES;
				CLANG_WARN_SUSPICIOUS_MOVE = YES;
				CLANG_WARN_UNGUARDED_AVAILABILITY = YES_AGGRESSIVE;
				CLANG_WARN_UNREACHABLE_CODE = YES;
				CLANG_WARN__DUPLICATE_METHOD_MATCH = YES;
				CODE_SIGN_IDENTITY = "iPhone Developer";
				COPY_PHASE_STRIP = NO;
				DEBUG_INFORMATION_FORMAT = "dwarf-with-dsym";
				ENABLE_NS_ASSERTIONS = NO;
				ENABLE_STRICT_OBJC_MSGSEND = YES;
				GCC_C_LANGUAGE_STANDARD = gnu11;
				GCC_NO_COMMON_BLOCKS = YES;
				GCC_WARN_64_TO_32_BIT_CONVERSION = YES;
				GCC_WARN_ABOUT_RETURN_TYPE = YES_ERROR;
				GCC_WARN_UNDECLARED_SELECTOR = YES;
				GCC_WARN_UNINITIALIZED_AUTOS = YES_AGGRESSIVE;
				GCC_WARN_UNUSED_FUNCTION = YES;
				GCC_WARN_UNUSED_VARIABLE = YES;
				IPHONEOS_DEPLOYMENT_TARGET = 12.1;
				MTL_ENABLE_DEBUG_INFO = NO;
				MTL_FAST_MATH = YES;
				SDKROOT = iphoneos;
				SWIFT_COMPILATION_MODE = wholemodule;
				SWIFT_OPTIMIZATION_LEVEL = "-O";
				VALIDATE_PRODUCT = YES;
			};
			name = Release;
		};
		FAD6D0F021E2941100D61B31 /* Debug */ = {
			isa = XCBuildConfiguration;
			buildSettings = {
				ALWAYS_EMBED_SWIFT_STANDARD_LIBRARIES = YES;
				ASSETCATALOG_COMPILER_APPICON_NAME = AppIcon;
				CODE_SIGN_STYLE = Automatic;
				DEVELOPMENT_TEAM = EMX5WZVKLF;
				INFOPLIST_FILE = "On The Map/Info.plist";
				LD_RUNPATH_SEARCH_PATHS = (
					"$(inherited)",
					"@executable_path/Frameworks",
				);
				PRODUCT_BUNDLE_IDENTIFIER = "com.jpapps.On-The-Map";
				PRODUCT_NAME = "$(TARGET_NAME)";
				SWIFT_VERSION = 4.2;
				TARGETED_DEVICE_FAMILY = "1,2";
			};
			name = Debug;
		};
		FAD6D0F121E2941100D61B31 /* Release */ = {
			isa = XCBuildConfiguration;
			buildSettings = {
				ALWAYS_EMBED_SWIFT_STANDARD_LIBRARIES = YES;
				ASSETCATALOG_COMPILER_APPICON_NAME = AppIcon;
				CODE_SIGN_STYLE = Automatic;
				DEVELOPMENT_TEAM = EMX5WZVKLF;
				INFOPLIST_FILE = "On The Map/Info.plist";
				LD_RUNPATH_SEARCH_PATHS = (
					"$(inherited)",
					"@executable_path/Frameworks",
				);
				PRODUCT_BUNDLE_IDENTIFIER = "com.jpapps.On-The-Map";
				PRODUCT_NAME = "$(TARGET_NAME)";
				SWIFT_VERSION = 4.2;
				TARGETED_DEVICE_FAMILY = "1,2";
			};
			name = Release;
		};
/* End XCBuildConfiguration section */

/* Begin XCConfigurationList section */
		FAD6D0D821E2940B00D61B31 /* Build configuration list for PBXProject "On The Map" */ = {
			isa = XCConfigurationList;
			buildConfigurations = (
				FAD6D0ED21E2941100D61B31 /* Debug */,
				FAD6D0EE21E2941100D61B31 /* Release */,
			);
			defaultConfigurationIsVisible = 0;
			defaultConfigurationName = Release;
		};
		FAD6D0EF21E2941100D61B31 /* Build configuration list for PBXNativeTarget "On The Map" */ = {
			isa = XCConfigurationList;
			buildConfigurations = (
				FAD6D0F021E2941100D61B31 /* Debug */,
				FAD6D0F121E2941100D61B31 /* Release */,
			);
			defaultConfigurationIsVisible = 0;
			defaultConfigurationName = Release;
		};
/* End XCConfigurationList section */
	};
	rootObject = FAD6D0D521E2940B00D61B31 /* Project object */;
}
